// !$*UTF8*$!
{
	archiveVersion = 1;
	classes = {
	};
	objectVersion = 51;
	objects = {

/* Begin PBXBuildFile section */
		6746A06C16A4385BFBD1C182 /* Pods_AppStore.framework in Frameworks */ = {isa = PBXBuildFile; fileRef = 90FD8099D614B2475266C9DD /* Pods_AppStore.framework */; };
		9A3D5D432862FBCB009E6AF6 /* AppFullScreenController.swift in Sources */ = {isa = PBXBuildFile; fileRef = 9A3D5D422862FBCB009E6AF6 /* AppFullScreenController.swift */; };
		9A3D5D452862FEC1009E6AF6 /* AppFullscreenDescriptionCell.swift in Sources */ = {isa = PBXBuildFile; fileRef = 9A3D5D442862FEC1009E6AF6 /* AppFullscreenDescriptionCell.swift */; };
		9A4481092877093F0069AC0B /* MusicController.swift in Sources */ = {isa = PBXBuildFile; fileRef = 9A4481082877093F0069AC0B /* MusicController.swift */; };
		9A44810C28770B5A0069AC0B /* TrackCell.swift in Sources */ = {isa = PBXBuildFile; fileRef = 9A44810B28770B5A0069AC0B /* TrackCell.swift */; };
		9A44810E28770EF40069AC0B /* MusicLoadingFooter.swift in Sources */ = {isa = PBXBuildFile; fileRef = 9A44810D28770EF40069AC0B /* MusicLoadingFooter.swift */; };
		9ACAB72B285759B700DF12E0 /* AppDeatilController.swift in Sources */ = {isa = PBXBuildFile; fileRef = 9ACAB72A285759B700DF12E0 /* AppDeatilController.swift */; };
		9ACAB72E2857625B00DF12E0 /* AppDetailCell.swift in Sources */ = {isa = PBXBuildFile; fileRef = 9ACAB72D2857625B00DF12E0 /* AppDetailCell.swift */; };
		9ACAB731285C551C00DF12E0 /* PreviewCell.swift in Sources */ = {isa = PBXBuildFile; fileRef = 9ACAB730285C551C00DF12E0 /* PreviewCell.swift */; };
		9ACAB733285C56AD00DF12E0 /* PreviewScreenshotController.swift in Sources */ = {isa = PBXBuildFile; fileRef = 9ACAB732285C56AD00DF12E0 /* PreviewScreenshotController.swift */; };
		9ACAB75D285CBE7A00DF12E0 /* ReviewRowCell.swift in Sources */ = {isa = PBXBuildFile; fileRef = 9ACAB75C285CBE7A00DF12E0 /* ReviewRowCell.swift */; };
		9ACAB75F285CC46800DF12E0 /* ReviewsController.swift in Sources */ = {isa = PBXBuildFile; fileRef = 9ACAB75E285CC46800DF12E0 /* ReviewsController.swift */; };
		9ACAB761285CC70100DF12E0 /* ReviewCell.swift in Sources */ = {isa = PBXBuildFile; fileRef = 9ACAB760285CC70100DF12E0 /* ReviewCell.swift */; };
		9ACAB7632860471F00DF12E0 /* Reviews.swift in Sources */ = {isa = PBXBuildFile; fileRef = 9ACAB7622860471F00DF12E0 /* Reviews.swift */; };
		9ACAB93628619F5400DF12E0 /* TodayController.swift in Sources */ = {isa = PBXBuildFile; fileRef = 9ACAB93528619F5400DF12E0 /* TodayController.swift */; };
		9ACAB9392861A0A800DF12E0 /* TodayCell.swift in Sources */ = {isa = PBXBuildFile; fileRef = 9ACAB9382861A0A800DF12E0 /* TodayCell.swift */; };
		9ACCC5F828643D1700A8F48A /* AppFullScreenHeaderCell.swift in Sources */ = {isa = PBXBuildFile; fileRef = 9ACCC5F728643D1700A8F48A /* AppFullScreenHeaderCell.swift */; };
		9ACCC5FA28645D9200A8F48A /* TodayItem.swift in Sources */ = {isa = PBXBuildFile; fileRef = 9ACCC5F928645D9200A8F48A /* TodayItem.swift */; };
		9ACCC7AC28659B2F00A8F48A /* TodayMultipleAppCell.swift in Sources */ = {isa = PBXBuildFile; fileRef = 9ACCC7AB28659B2F00A8F48A /* TodayMultipleAppCell.swift */; };
		9ACCC7AE2865A35500A8F48A /* BaseTodayCell.swift in Sources */ = {isa = PBXBuildFile; fileRef = 9ACCC7AD2865A35500A8F48A /* BaseTodayCell.swift */; };
		9ACCC91C2865D44800A8F48A /* TodayMultipleAppsController.swift in Sources */ = {isa = PBXBuildFile; fileRef = 9ACCC91B2865D44800A8F48A /* TodayMultipleAppsController.swift */; };
		9ACCC91E2865D50600A8F48A /* MultipleAppCell.swift in Sources */ = {isa = PBXBuildFile; fileRef = 9ACCC91D2865D50600A8F48A /* MultipleAppCell.swift */; };
		9ACCC920286768A600A8F48A /* BackEnabledNavigationController.swift in Sources */ = {isa = PBXBuildFile; fileRef = 9ACCC91F286768A600A8F48A /* BackEnabledNavigationController.swift */; };
		CE05EA782705AF61002BEE4C /* UIView+Layout.swift in Sources */ = {isa = PBXBuildFile; fileRef = CE05EA772705AF61002BEE4C /* UIView+Layout.swift */; };
		CE05EA7C2705B813002BEE4C /* SearchResult.swift in Sources */ = {isa = PBXBuildFile; fileRef = CE05EA7B2705B813002BEE4C /* SearchResult.swift */; };
		CE05EA812705C79C002BEE4C /* ServiceAPI.swift in Sources */ = {isa = PBXBuildFile; fileRef = CE05EA802705C79C002BEE4C /* ServiceAPI.swift */; };
		CE25462C2700E62200CD60A8 /* SearchResultCell.swift in Sources */ = {isa = PBXBuildFile; fileRef = CE25462B2700E62200CD60A8 /* SearchResultCell.swift */; };
		CE25463127010B4500CD60A8 /* VerticalStackView.swift in Sources */ = {isa = PBXBuildFile; fileRef = CE25463027010B4500CD60A8 /* VerticalStackView.swift */; };
		CE638699270D975A0090396C /* AppsPageController.swift in Sources */ = {isa = PBXBuildFile; fileRef = CE638698270D975A0090396C /* AppsPageController.swift */; };
		CE63869B270D97E60090396C /* BaseListController.swift in Sources */ = {isa = PBXBuildFile; fileRef = CE63869A270D97E60090396C /* BaseListController.swift */; };
		CE63869F270D9AA30090396C /* AppsGroupCell.swift in Sources */ = {isa = PBXBuildFile; fileRef = CE63869E270D9AA30090396C /* AppsGroupCell.swift */; };
		CE6386A1270DA1AE0090396C /* AppsHorizontalController.swift in Sources */ = {isa = PBXBuildFile; fileRef = CE6386A0270DA1AE0090396C /* AppsHorizontalController.swift */; };
		CE6386A3270DBABA0090396C /* AppRowCell.swift in Sources */ = {isa = PBXBuildFile; fileRef = CE6386A2270DBABA0090396C /* AppRowCell.swift */; };
		CE6386A5270DBB6C0090396C /* Extensions.swift in Sources */ = {isa = PBXBuildFile; fileRef = CE6386A4270DBB6C0090396C /* Extensions.swift */; };
		CE6386A7270E10150090396C /* AppsPageHeader.swift in Sources */ = {isa = PBXBuildFile; fileRef = CE6386A6270E10150090396C /* AppsPageHeader.swift */; };
		CE6386A9270E16170090396C /* AppsHeaderHorizontalController.swift in Sources */ = {isa = PBXBuildFile; fileRef = CE6386A8270E16170090396C /* AppsHeaderHorizontalController.swift */; };
		CE6386AB270E1A040090396C /* AppsHeaderCell.swift in Sources */ = {isa = PBXBuildFile; fileRef = CE6386AA270E1A040090396C /* AppsHeaderCell.swift */; };
		CE6CDB4F26FE3C9E00A9E227 /* AppDelegate.swift in Sources */ = {isa = PBXBuildFile; fileRef = CE6CDB4E26FE3C9E00A9E227 /* AppDelegate.swift */; };
		CE6CDB5326FE3C9E00A9E227 /* ViewController.swift in Sources */ = {isa = PBXBuildFile; fileRef = CE6CDB5226FE3C9E00A9E227 /* ViewController.swift */; };
		CE6CDB5626FE3C9E00A9E227 /* Main.storyboard in Resources */ = {isa = PBXBuildFile; fileRef = CE6CDB5426FE3C9E00A9E227 /* Main.storyboard */; };
		CE6CDB5826FE3C9F00A9E227 /* Assets.xcassets in Resources */ = {isa = PBXBuildFile; fileRef = CE6CDB5726FE3C9F00A9E227 /* Assets.xcassets */; };
		CE6CDB5B26FE3C9F00A9E227 /* LaunchScreen.storyboard in Resources */ = {isa = PBXBuildFile; fileRef = CE6CDB5926FE3C9F00A9E227 /* LaunchScreen.storyboard */; };
		CE6CDB6326FE3D6900A9E227 /* BaseTabBarController.swift in Sources */ = {isa = PBXBuildFile; fileRef = CE6CDB6226FE3D6900A9E227 /* BaseTabBarController.swift */; };
		CE6CDB6626FE56F000A9E227 /* AppsSearchController.swift in Sources */ = {isa = PBXBuildFile; fileRef = CE6CDB6526FE56F000A9E227 /* AppsSearchController.swift */; };
		CE70983627219EF200F9CA81 /* SocialApp.swift in Sources */ = {isa = PBXBuildFile; fileRef = CE70983527219EF200F9CA81 /* SocialApp.swift */; };
		CE898ACB279155DF007115BF /* HorizontalSnappingController.swift in Sources */ = {isa = PBXBuildFile; fileRef = CE898ACA279155DF007115BF /* HorizontalSnappingController.swift */; };
		CE898ACD279163A0007115BF /* BetterSnappingLayout.swift in Sources */ = {isa = PBXBuildFile; fileRef = CE898ACC279163A0007115BF /* BetterSnappingLayout.swift */; };
		CE9AD9EF2710851100386C37 /* AppGroup.swift in Sources */ = {isa = PBXBuildFile; fileRef = CE9AD9EE2710851100386C37 /* AppGroup.swift */; };
/* End PBXBuildFile section */

/* Begin PBXFileReference section */
		4BDDC91F3219119572561007 /* Pods-AppStore.release.xcconfig */ = {isa = PBXFileReference; includeInIndex = 1; lastKnownFileType = text.xcconfig; name = "Pods-AppStore.release.xcconfig"; path = "Target Support Files/Pods-AppStore/Pods-AppStore.release.xcconfig"; sourceTree = "<group>"; };
		90FD8099D614B2475266C9DD /* Pods_AppStore.framework */ = {isa = PBXFileReference; explicitFileType = wrapper.framework; includeInIndex = 0; path = Pods_AppStore.framework; sourceTree = BUILT_PRODUCTS_DIR; };
		9A3D5D422862FBCB009E6AF6 /* AppFullScreenController.swift */ = {isa = PBXFileReference; lastKnownFileType = sourcecode.swift; path = AppFullScreenController.swift; sourceTree = "<group>"; };
		9A3D5D442862FEC1009E6AF6 /* AppFullscreenDescriptionCell.swift */ = {isa = PBXFileReference; lastKnownFileType = sourcecode.swift; path = AppFullscreenDescriptionCell.swift; sourceTree = "<group>"; };
		9A4481082877093F0069AC0B /* MusicController.swift */ = {isa = PBXFileReference; lastKnownFileType = sourcecode.swift; path = MusicController.swift; sourceTree = "<group>"; };
		9A44810B28770B5A0069AC0B /* TrackCell.swift */ = {isa = PBXFileReference; lastKnownFileType = sourcecode.swift; path = TrackCell.swift; sourceTree = "<group>"; };
		9A44810D28770EF40069AC0B /* MusicLoadingFooter.swift */ = {isa = PBXFileReference; lastKnownFileType = sourcecode.swift; path = MusicLoadingFooter.swift; sourceTree = "<group>"; };
		9ACAB72A285759B700DF12E0 /* AppDeatilController.swift */ = {isa = PBXFileReference; lastKnownFileType = sourcecode.swift; path = AppDeatilController.swift; sourceTree = "<group>"; };
		9ACAB72D2857625B00DF12E0 /* AppDetailCell.swift */ = {isa = PBXFileReference; lastKnownFileType = sourcecode.swift; path = AppDetailCell.swift; sourceTree = "<group>"; };
		9ACAB730285C551C00DF12E0 /* PreviewCell.swift */ = {isa = PBXFileReference; lastKnownFileType = sourcecode.swift; path = PreviewCell.swift; sourceTree = "<group>"; };
		9ACAB732285C56AD00DF12E0 /* PreviewScreenshotController.swift */ = {isa = PBXFileReference; lastKnownFileType = sourcecode.swift; path = PreviewScreenshotController.swift; sourceTree = "<group>"; };
		9ACAB75C285CBE7A00DF12E0 /* ReviewRowCell.swift */ = {isa = PBXFileReference; lastKnownFileType = sourcecode.swift; path = ReviewRowCell.swift; sourceTree = "<group>"; };
		9ACAB75E285CC46800DF12E0 /* ReviewsController.swift */ = {isa = PBXFileReference; lastKnownFileType = sourcecode.swift; path = ReviewsController.swift; sourceTree = "<group>"; };
		9ACAB760285CC70100DF12E0 /* ReviewCell.swift */ = {isa = PBXFileReference; lastKnownFileType = sourcecode.swift; path = ReviewCell.swift; sourceTree = "<group>"; };
		9ACAB7622860471F00DF12E0 /* Reviews.swift */ = {isa = PBXFileReference; lastKnownFileType = sourcecode.swift; path = Reviews.swift; sourceTree = "<group>"; };
		9ACAB93528619F5400DF12E0 /* TodayController.swift */ = {isa = PBXFileReference; lastKnownFileType = sourcecode.swift; path = TodayController.swift; sourceTree = "<group>"; };
		9ACAB9382861A0A800DF12E0 /* TodayCell.swift */ = {isa = PBXFileReference; lastKnownFileType = sourcecode.swift; path = TodayCell.swift; sourceTree = "<group>"; };
		9ACCC5F728643D1700A8F48A /* AppFullScreenHeaderCell.swift */ = {isa = PBXFileReference; lastKnownFileType = sourcecode.swift; path = AppFullScreenHeaderCell.swift; sourceTree = "<group>"; };
		9ACCC5F928645D9200A8F48A /* TodayItem.swift */ = {isa = PBXFileReference; lastKnownFileType = sourcecode.swift; path = TodayItem.swift; sourceTree = "<group>"; };
		9ACCC7AB28659B2F00A8F48A /* TodayMultipleAppCell.swift */ = {isa = PBXFileReference; lastKnownFileType = sourcecode.swift; path = TodayMultipleAppCell.swift; sourceTree = "<group>"; };
		9ACCC7AD2865A35500A8F48A /* BaseTodayCell.swift */ = {isa = PBXFileReference; lastKnownFileType = sourcecode.swift; path = BaseTodayCell.swift; sourceTree = "<group>"; };
		9ACCC91B2865D44800A8F48A /* TodayMultipleAppsController.swift */ = {isa = PBXFileReference; lastKnownFileType = sourcecode.swift; path = TodayMultipleAppsController.swift; sourceTree = "<group>"; };
		9ACCC91D2865D50600A8F48A /* MultipleAppCell.swift */ = {isa = PBXFileReference; lastKnownFileType = sourcecode.swift; path = MultipleAppCell.swift; sourceTree = "<group>"; };
		9ACCC91F286768A600A8F48A /* BackEnabledNavigationController.swift */ = {isa = PBXFileReference; lastKnownFileType = sourcecode.swift; path = BackEnabledNavigationController.swift; sourceTree = "<group>"; };
		CE05EA772705AF61002BEE4C /* UIView+Layout.swift */ = {isa = PBXFileReference; lastKnownFileType = sourcecode.swift; path = "UIView+Layout.swift"; sourceTree = "<group>"; };
		CE05EA7B2705B813002BEE4C /* SearchResult.swift */ = {isa = PBXFileReference; lastKnownFileType = sourcecode.swift; path = SearchResult.swift; sourceTree = "<group>"; };
		CE05EA802705C79C002BEE4C /* ServiceAPI.swift */ = {isa = PBXFileReference; lastKnownFileType = sourcecode.swift; path = ServiceAPI.swift; sourceTree = "<group>"; };
		CE25462B2700E62200CD60A8 /* SearchResultCell.swift */ = {isa = PBXFileReference; lastKnownFileType = sourcecode.swift; path = SearchResultCell.swift; sourceTree = "<group>"; };
		CE25463027010B4500CD60A8 /* VerticalStackView.swift */ = {isa = PBXFileReference; lastKnownFileType = sourcecode.swift; path = VerticalStackView.swift; sourceTree = "<group>"; };
		CE638698270D975A0090396C /* AppsPageController.swift */ = {isa = PBXFileReference; lastKnownFileType = sourcecode.swift; path = AppsPageController.swift; sourceTree = "<group>"; };
		CE63869A270D97E60090396C /* BaseListController.swift */ = {isa = PBXFileReference; lastKnownFileType = sourcecode.swift; path = BaseListController.swift; sourceTree = "<group>"; };
		CE63869E270D9AA30090396C /* AppsGroupCell.swift */ = {isa = PBXFileReference; lastKnownFileType = sourcecode.swift; path = AppsGroupCell.swift; sourceTree = "<group>"; };
		CE6386A0270DA1AE0090396C /* AppsHorizontalController.swift */ = {isa = PBXFileReference; lastKnownFileType = sourcecode.swift; path = AppsHorizontalController.swift; sourceTree = "<group>"; };
		CE6386A2270DBABA0090396C /* AppRowCell.swift */ = {isa = PBXFileReference; lastKnownFileType = sourcecode.swift; path = AppRowCell.swift; sourceTree = "<group>"; };
		CE6386A4270DBB6C0090396C /* Extensions.swift */ = {isa = PBXFileReference; lastKnownFileType = sourcecode.swift; path = Extensions.swift; sourceTree = "<group>"; };
		CE6386A6270E10150090396C /* AppsPageHeader.swift */ = {isa = PBXFileReference; lastKnownFileType = sourcecode.swift; path = AppsPageHeader.swift; sourceTree = "<group>"; };
		CE6386A8270E16170090396C /* AppsHeaderHorizontalController.swift */ = {isa = PBXFileReference; lastKnownFileType = sourcecode.swift; path = AppsHeaderHorizontalController.swift; sourceTree = "<group>"; };
		CE6386AA270E1A040090396C /* AppsHeaderCell.swift */ = {isa = PBXFileReference; lastKnownFileType = sourcecode.swift; path = AppsHeaderCell.swift; sourceTree = "<group>"; };
		CE6CDB4B26FE3C9E00A9E227 /* AppStore.app */ = {isa = PBXFileReference; explicitFileType = wrapper.application; includeInIndex = 0; path = AppStore.app; sourceTree = BUILT_PRODUCTS_DIR; };
		CE6CDB4E26FE3C9E00A9E227 /* AppDelegate.swift */ = {isa = PBXFileReference; lastKnownFileType = sourcecode.swift; path = AppDelegate.swift; sourceTree = "<group>"; };
		CE6CDB5226FE3C9E00A9E227 /* ViewController.swift */ = {isa = PBXFileReference; lastKnownFileType = sourcecode.swift; path = ViewController.swift; sourceTree = "<group>"; };
		CE6CDB5526FE3C9E00A9E227 /* Base */ = {isa = PBXFileReference; lastKnownFileType = file.storyboard; name = Base; path = Base.lproj/Main.storyboard; sourceTree = "<group>"; };
		CE6CDB5726FE3C9F00A9E227 /* Assets.xcassets */ = {isa = PBXFileReference; lastKnownFileType = folder.assetcatalog; path = Assets.xcassets; sourceTree = "<group>"; };
		CE6CDB5A26FE3C9F00A9E227 /* Base */ = {isa = PBXFileReference; lastKnownFileType = file.storyboard; name = Base; path = Base.lproj/LaunchScreen.storyboard; sourceTree = "<group>"; };
		CE6CDB5C26FE3C9F00A9E227 /* Info.plist */ = {isa = PBXFileReference; lastKnownFileType = text.plist.xml; path = Info.plist; sourceTree = "<group>"; };
		CE6CDB6226FE3D6900A9E227 /* BaseTabBarController.swift */ = {isa = PBXFileReference; lastKnownFileType = sourcecode.swift; path = BaseTabBarController.swift; sourceTree = "<group>"; };
		CE6CDB6526FE56F000A9E227 /* AppsSearchController.swift */ = {isa = PBXFileReference; lastKnownFileType = sourcecode.swift; path = AppsSearchController.swift; sourceTree = "<group>"; };
		CE70983527219EF200F9CA81 /* SocialApp.swift */ = {isa = PBXFileReference; lastKnownFileType = sourcecode.swift; path = SocialApp.swift; sourceTree = "<group>"; };
		CE898ACA279155DF007115BF /* HorizontalSnappingController.swift */ = {isa = PBXFileReference; lastKnownFileType = sourcecode.swift; path = HorizontalSnappingController.swift; sourceTree = "<group>"; };
		CE898ACC279163A0007115BF /* BetterSnappingLayout.swift */ = {isa = PBXFileReference; lastKnownFileType = sourcecode.swift; path = BetterSnappingLayout.swift; sourceTree = "<group>"; };
		CE9AD9EE2710851100386C37 /* AppGroup.swift */ = {isa = PBXFileReference; lastKnownFileType = sourcecode.swift; path = AppGroup.swift; sourceTree = "<group>"; };
		DA822C912C86CBD73CC9B1D8 /* Pods-AppStore.debug.xcconfig */ = {isa = PBXFileReference; includeInIndex = 1; lastKnownFileType = text.xcconfig; name = "Pods-AppStore.debug.xcconfig"; path = "Target Support Files/Pods-AppStore/Pods-AppStore.debug.xcconfig"; sourceTree = "<group>"; };
/* End PBXFileReference section */

/* Begin PBXFrameworksBuildPhase section */
		CE6CDB4826FE3C9E00A9E227 /* Frameworks */ = {
			isa = PBXFrameworksBuildPhase;
			buildActionMask = 2147483647;
			files = (
				6746A06C16A4385BFBD1C182 /* Pods_AppStore.framework in Frameworks */,
			);
			runOnlyForDeploymentPostprocessing = 0;
		};
/* End PBXFrameworksBuildPhase section */

/* Begin PBXGroup section */
		0EF0BAE436D3ACFEBFE813C0 /* Frameworks */ = {
			isa = PBXGroup;
			children = (
				90FD8099D614B2475266C9DD /* Pods_AppStore.framework */,
			);
			name = Frameworks;
			sourceTree = "<group>";
		};
		55D119549E8A36FB1670E162 /* Pods */ = {
			isa = PBXGroup;
			children = (
				DA822C912C86CBD73CC9B1D8 /* Pods-AppStore.debug.xcconfig */,
				4BDDC91F3219119572561007 /* Pods-AppStore.release.xcconfig */,
			);
			path = Pods;
			sourceTree = "<group>";
		};
		9A448107287709300069AC0B /* Music */ = {
			isa = PBXGroup;
			children = (
				9A4481082877093F0069AC0B /* MusicController.swift */,
			);
			path = Music;
			sourceTree = "<group>";
		};
		9A44810A28770B520069AC0B /* Music */ = {
			isa = PBXGroup;
			children = (
				9A44810B28770B5A0069AC0B /* TrackCell.swift */,
				9A44810D28770EF40069AC0B /* MusicLoadingFooter.swift */,
			);
			path = Music;
			sourceTree = "<group>";
		};
		9ACAB729285759A000DF12E0 /* Details */ = {
			isa = PBXGroup;
			children = (
				9ACAB72A285759B700DF12E0 /* AppDeatilController.swift */,
				9ACAB732285C56AD00DF12E0 /* PreviewScreenshotController.swift */,
				9ACAB75E285CC46800DF12E0 /* ReviewsController.swift */,
			);
			path = Details;
			sourceTree = "<group>";
		};
		9ACAB72C2857623000DF12E0 /* Details */ = {
			isa = PBXGroup;
			children = (
				9ACAB72D2857625B00DF12E0 /* AppDetailCell.swift */,
				9ACAB730285C551C00DF12E0 /* PreviewCell.swift */,
				9ACAB75C285CBE7A00DF12E0 /* ReviewRowCell.swift */,
				9ACAB760285CC70100DF12E0 /* ReviewCell.swift */,
			);
			path = Details;
			sourceTree = "<group>";
		};
		9ACAB93428619F3D00DF12E0 /* Today */ = {
			isa = PBXGroup;
			children = (
				9ACAB93528619F5400DF12E0 /* TodayController.swift */,
				9A3D5D422862FBCB009E6AF6 /* AppFullScreenController.swift */,
				9ACCC91B2865D44800A8F48A /* TodayMultipleAppsController.swift */,
				9ACCC91F286768A600A8F48A /* BackEnabledNavigationController.swift */,
			);
			path = Today;
			sourceTree = "<group>";
		};
		9ACAB9372861A09C00DF12E0 /* Today */ = {
			isa = PBXGroup;
			children = (
				9ACAB9382861A0A800DF12E0 /* TodayCell.swift */,
				9A3D5D442862FEC1009E6AF6 /* AppFullscreenDescriptionCell.swift */,
				9ACCC5F728643D1700A8F48A /* AppFullScreenHeaderCell.swift */,
				9ACCC7AB28659B2F00A8F48A /* TodayMultipleAppCell.swift */,
				9ACCC7AD2865A35500A8F48A /* BaseTodayCell.swift */,
				9ACCC91D2865D50600A8F48A /* MultipleAppCell.swift */,
			);
			path = Today;
			sourceTree = "<group>";
		};
		CE05EA7A2705B803002BEE4C /* Model */ = {
			isa = PBXGroup;
			children = (
				CE05EA7B2705B813002BEE4C /* SearchResult.swift */,
				CE9AD9EE2710851100386C37 /* AppGroup.swift */,
				CE70983527219EF200F9CA81 /* SocialApp.swift */,
				9ACAB7622860471F00DF12E0 /* Reviews.swift */,
				9ACCC5F928645D9200A8F48A /* TodayItem.swift */,
			);
			path = Model;
			sourceTree = "<group>";
		};
		CE05EA7F2705C785002BEE4C /* Service */ = {
			isa = PBXGroup;
			children = (
				CE05EA802705C79C002BEE4C /* ServiceAPI.swift */,
			);
			path = Service;
			sourceTree = "<group>";
		};
		CE25462A2700E5EB00CD60A8 /* Views */ = {
			isa = PBXGroup;
			children = (
				9A44810A28770B520069AC0B /* Music */,
				9ACAB9372861A09C00DF12E0 /* Today */,
				CE63869D270D9A960090396C /* Apps */,
				CE25462B2700E62200CD60A8 /* SearchResultCell.swift */,
			);
			path = Views;
			sourceTree = "<group>";
		};
		CE25462D2700F35700CD60A8 /* Helpers */ = {
			isa = PBXGroup;
			children = (
				CE25463027010B4500CD60A8 /* VerticalStackView.swift */,
				CE05EA772705AF61002BEE4C /* UIView+Layout.swift */,
				CE6386A4270DBB6C0090396C /* Extensions.swift */,
				CE898ACC279163A0007115BF /* BetterSnappingLayout.swift */,
			);
			path = Helpers;
			sourceTree = "<group>";
		};
		CE638697270D974C0090396C /* Apps */ = {
			isa = PBXGroup;
			children = (
				9ACAB729285759A000DF12E0 /* Details */,
				CE638698270D975A0090396C /* AppsPageController.swift */,
				CE6386A0270DA1AE0090396C /* AppsHorizontalController.swift */,
				CE6386A8270E16170090396C /* AppsHeaderHorizontalController.swift */,
			);
			path = Apps;
			sourceTree = "<group>";
		};
		CE63869C270D99620090396C /* Search */ = {
			isa = PBXGroup;
			children = (
				CE6CDB6526FE56F000A9E227 /* AppsSearchController.swift */,
			);
			path = Search;
			sourceTree = "<group>";
		};
		CE63869D270D9A960090396C /* Apps */ = {
			isa = PBXGroup;
			children = (
				9ACAB72C2857623000DF12E0 /* Details */,
				CE63869E270D9AA30090396C /* AppsGroupCell.swift */,
				CE6386A2270DBABA0090396C /* AppRowCell.swift */,
				CE6386A6270E10150090396C /* AppsPageHeader.swift */,
				CE6386AA270E1A040090396C /* AppsHeaderCell.swift */,
			);
			path = Apps;
			sourceTree = "<group>";
		};
		CE6CDB4226FE3C9E00A9E227 = {
			isa = PBXGroup;
			children = (
				CE6CDB4D26FE3C9E00A9E227 /* AppStore */,
				CE6CDB4C26FE3C9E00A9E227 /* Products */,
				55D119549E8A36FB1670E162 /* Pods */,
				0EF0BAE436D3ACFEBFE813C0 /* Frameworks */,
			);
			sourceTree = "<group>";
		};
		CE6CDB4C26FE3C9E00A9E227 /* Products */ = {
			isa = PBXGroup;
			children = (
				CE6CDB4B26FE3C9E00A9E227 /* AppStore.app */,
			);
			name = Products;
			sourceTree = "<group>";
		};
		CE6CDB4D26FE3C9E00A9E227 /* AppStore */ = {
			isa = PBXGroup;
			children = (
				CE05EA7F2705C785002BEE4C /* Service */,
				CE05EA7A2705B803002BEE4C /* Model */,
				CE25462D2700F35700CD60A8 /* Helpers */,
				CE25462A2700E5EB00CD60A8 /* Views */,
				CE6CDB6426FE56C700A9E227 /* Controller */,
				CE6CDB4E26FE3C9E00A9E227 /* AppDelegate.swift */,
				CE6CDB5226FE3C9E00A9E227 /* ViewController.swift */,
				CE6CDB5426FE3C9E00A9E227 /* Main.storyboard */,
				CE6CDB5726FE3C9F00A9E227 /* Assets.xcassets */,
				CE6CDB5926FE3C9F00A9E227 /* LaunchScreen.storyboard */,
				CE6CDB5C26FE3C9F00A9E227 /* Info.plist */,
			);
			path = AppStore;
			sourceTree = "<group>";
		};
		CE6CDB6426FE56C700A9E227 /* Controller */ = {
			isa = PBXGroup;
			children = (
				9A448107287709300069AC0B /* Music */,
				9ACAB93428619F3D00DF12E0 /* Today */,
				CE63869C270D99620090396C /* Search */,
				CE638697270D974C0090396C /* Apps */,
				CE6CDB6226FE3D6900A9E227 /* BaseTabBarController.swift */,
				CE63869A270D97E60090396C /* BaseListController.swift */,
				CE898ACA279155DF007115BF /* HorizontalSnappingController.swift */,
			);
			path = Controller;
			sourceTree = "<group>";
		};
/* End PBXGroup section */

/* Begin PBXNativeTarget section */
		CE6CDB4A26FE3C9E00A9E227 /* AppStore */ = {
			isa = PBXNativeTarget;
			buildConfigurationList = CE6CDB5F26FE3C9F00A9E227 /* Build configuration list for PBXNativeTarget "AppStore" */;
			buildPhases = (
				774A4086D8513CCA194799F0 /* [CP] Check Pods Manifest.lock */,
				CE6CDB4726FE3C9E00A9E227 /* Sources */,
				CE6CDB4826FE3C9E00A9E227 /* Frameworks */,
				CE6CDB4926FE3C9E00A9E227 /* Resources */,
				05389EB364F83D7EA36C066B /* [CP] Embed Pods Frameworks */,
			);
			buildRules = (
			);
			dependencies = (
			);
			name = AppStore;
			productName = AppStore;
			productReference = CE6CDB4B26FE3C9E00A9E227 /* AppStore.app */;
			productType = "com.apple.product-type.application";
		};
/* End PBXNativeTarget section */

/* Begin PBXProject section */
		CE6CDB4326FE3C9E00A9E227 /* Project object */ = {
			isa = PBXProject;
			attributes = {
				LastSwiftUpdateCheck = 1170;
				LastUpgradeCheck = 1250;
				ORGANIZATIONNAME = ulkoart;
				TargetAttributes = {
					CE6CDB4A26FE3C9E00A9E227 = {
						CreatedOnToolsVersion = 11.7;
					};
				};
			};
			buildConfigurationList = CE6CDB4626FE3C9E00A9E227 /* Build configuration list for PBXProject "AppStore" */;
			compatibilityVersion = "Xcode 9.3";
			developmentRegion = en;
			hasScannedForEncodings = 0;
			knownRegions = (
				en,
				Base,
			);
			mainGroup = CE6CDB4226FE3C9E00A9E227;
			productRefGroup = CE6CDB4C26FE3C9E00A9E227 /* Products */;
			projectDirPath = "";
			projectRoot = "";
			targets = (
				CE6CDB4A26FE3C9E00A9E227 /* AppStore */,
			);
		};
/* End PBXProject section */

/* Begin PBXResourcesBuildPhase section */
		CE6CDB4926FE3C9E00A9E227 /* Resources */ = {
			isa = PBXResourcesBuildPhase;
			buildActionMask = 2147483647;
			files = (
				CE6CDB5B26FE3C9F00A9E227 /* LaunchScreen.storyboard in Resources */,
				CE6CDB5826FE3C9F00A9E227 /* Assets.xcassets in Resources */,
				CE6CDB5626FE3C9E00A9E227 /* Main.storyboard in Resources */,
			);
			runOnlyForDeploymentPostprocessing = 0;
		};
/* End PBXResourcesBuildPhase section */

/* Begin PBXShellScriptBuildPhase section */
		05389EB364F83D7EA36C066B /* [CP] Embed Pods Frameworks */ = {
			isa = PBXShellScriptBuildPhase;
			buildActionMask = 2147483647;
			files = (
			);
			inputFileListPaths = (
				"${PODS_ROOT}/Target Support Files/Pods-AppStore/Pods-AppStore-frameworks-${CONFIGURATION}-input-files.xcfilelist",
			);
			name = "[CP] Embed Pods Frameworks";
			outputFileListPaths = (
				"${PODS_ROOT}/Target Support Files/Pods-AppStore/Pods-AppStore-frameworks-${CONFIGURATION}-output-files.xcfilelist",
			);
			runOnlyForDeploymentPostprocessing = 0;
			shellPath = /bin/sh;
			shellScript = "\"${PODS_ROOT}/Target Support Files/Pods-AppStore/Pods-AppStore-frameworks.sh\"\n";
			showEnvVarsInLog = 0;
		};
		774A4086D8513CCA194799F0 /* [CP] Check Pods Manifest.lock */ = {
			isa = PBXShellScriptBuildPhase;
			buildActionMask = 2147483647;
			files = (
			);
			inputFileListPaths = (
			);
			inputPaths = (
				"${PODS_PODFILE_DIR_PATH}/Podfile.lock",
				"${PODS_ROOT}/Manifest.lock",
			);
			name = "[CP] Check Pods Manifest.lock";
			outputFileListPaths = (
			);
			outputPaths = (
				"$(DERIVED_FILE_DIR)/Pods-AppStore-checkManifestLockResult.txt",
			);
			runOnlyForDeploymentPostprocessing = 0;
			shellPath = /bin/sh;
			shellScript = "diff \"${PODS_PODFILE_DIR_PATH}/Podfile.lock\" \"${PODS_ROOT}/Manifest.lock\" > /dev/null\nif [ $? != 0 ] ; then\n    # print error to STDERR\n    echo \"error: The sandbox is not in sync with the Podfile.lock. Run 'pod install' or update your CocoaPods installation.\" >&2\n    exit 1\nfi\n# This output is used by Xcode 'outputs' to avoid re-running this script phase.\necho \"SUCCESS\" > \"${SCRIPT_OUTPUT_FILE_0}\"\n";
			showEnvVarsInLog = 0;
		};
/* End PBXShellScriptBuildPhase section */

/* Begin PBXSourcesBuildPhase section */
		CE6CDB4726FE3C9E00A9E227 /* Sources */ = {
			isa = PBXSourcesBuildPhase;
			buildActionMask = 2147483647;
			files = (
				CE6CDB5326FE3C9E00A9E227 /* ViewController.swift in Sources */,
				CE898ACD279163A0007115BF /* BetterSnappingLayout.swift in Sources */,
				CE6CDB4F26FE3C9E00A9E227 /* AppDelegate.swift in Sources */,
				9ACAB761285CC70100DF12E0 /* ReviewCell.swift in Sources */,
				CE70983627219EF200F9CA81 /* SocialApp.swift in Sources */,
				9A44810E28770EF40069AC0B /* MusicLoadingFooter.swift in Sources */,
				CE05EA7C2705B813002BEE4C /* SearchResult.swift in Sources */,
				CE9AD9EF2710851100386C37 /* AppGroup.swift in Sources */,
				CE638699270D975A0090396C /* AppsPageController.swift in Sources */,
				CE6386AB270E1A040090396C /* AppsHeaderCell.swift in Sources */,
				CE6CDB6626FE56F000A9E227 /* AppsSearchController.swift in Sources */,
				9ACAB75D285CBE7A00DF12E0 /* ReviewRowCell.swift in Sources */,
				9A4481092877093F0069AC0B /* MusicController.swift in Sources */,
				9ACAB9392861A0A800DF12E0 /* TodayCell.swift in Sources */,
				9ACCC91C2865D44800A8F48A /* TodayMultipleAppsController.swift in Sources */,
				9ACCC91E2865D50600A8F48A /* MultipleAppCell.swift in Sources */,
				CE63869B270D97E60090396C /* BaseListController.swift in Sources */,
				9ACAB72E2857625B00DF12E0 /* AppDetailCell.swift in Sources */,
				9ACCC5F828643D1700A8F48A /* AppFullScreenHeaderCell.swift in Sources */,
				CE6386A3270DBABA0090396C /* AppRowCell.swift in Sources */,
				CE6CDB6326FE3D6900A9E227 /* BaseTabBarController.swift in Sources */,
				CE25462C2700E62200CD60A8 /* SearchResultCell.swift in Sources */,
				9ACCC5FA28645D9200A8F48A /* TodayItem.swift in Sources */,
				9ACAB72B285759B700DF12E0 /* AppDeatilController.swift in Sources */,
				CE6386A7270E10150090396C /* AppsPageHeader.swift in Sources */,
				9A3D5D452862FEC1009E6AF6 /* AppFullscreenDescriptionCell.swift in Sources */,
				9ACAB733285C56AD00DF12E0 /* PreviewScreenshotController.swift in Sources */,
				9ACAB731285C551C00DF12E0 /* PreviewCell.swift in Sources */,
				9ACAB75F285CC46800DF12E0 /* ReviewsController.swift in Sources */,
				9ACCC920286768A600A8F48A /* BackEnabledNavigationController.swift in Sources */,
				9ACAB7632860471F00DF12E0 /* Reviews.swift in Sources */,
				9ACAB93628619F5400DF12E0 /* TodayController.swift in Sources */,
				CE05EA782705AF61002BEE4C /* UIView+Layout.swift in Sources */,
				CE6386A5270DBB6C0090396C /* Extensions.swift in Sources */,
				CE05EA812705C79C002BEE4C /* ServiceAPI.swift in Sources */,
				CE25463127010B4500CD60A8 /* VerticalStackView.swift in Sources */,
				9A3D5D432862FBCB009E6AF6 /* AppFullScreenController.swift in Sources */,
				9ACCC7AE2865A35500A8F48A /* BaseTodayCell.swift in Sources */,
				CE898ACB279155DF007115BF /* HorizontalSnappingController.swift in Sources */,
				CE6386A1270DA1AE0090396C /* AppsHorizontalController.swift in Sources */,
				CE63869F270D9AA30090396C /* AppsGroupCell.swift in Sources */,
				9A44810C28770B5A0069AC0B /* TrackCell.swift in Sources */,
				CE6386A9270E16170090396C /* AppsHeaderHorizontalController.swift in Sources */,
				9ACCC7AC28659B2F00A8F48A /* TodayMultipleAppCell.swift in Sources */,
			);
			runOnlyForDeploymentPostprocessing = 0;
		};
/* End PBXSourcesBuildPhase section */

/* Begin PBXVariantGroup section */
		CE6CDB5426FE3C9E00A9E227 /* Main.storyboard */ = {
			isa = PBXVariantGroup;
			children = (
				CE6CDB5526FE3C9E00A9E227 /* Base */,
			);
			name = Main.storyboard;
			sourceTree = "<group>";
		};
		CE6CDB5926FE3C9F00A9E227 /* LaunchScreen.storyboard */ = {
			isa = PBXVariantGroup;
			children = (
				CE6CDB5A26FE3C9F00A9E227 /* Base */,
			);
			name = LaunchScreen.storyboard;
			sourceTree = "<group>";
		};
/* End PBXVariantGroup section */

/* Begin XCBuildConfiguration section */
		CE6CDB5D26FE3C9F00A9E227 /* Debug */ = {
			isa = XCBuildConfiguration;
			buildSettings = {
				ALWAYS_SEARCH_USER_PATHS = NO;
				CLANG_ANALYZER_NONNULL = YES;
				CLANG_ANALYZER_NUMBER_OBJECT_CONVERSION = YES_AGGRESSIVE;
				CLANG_CXX_LANGUAGE_STANDARD = "gnu++14";
				CLANG_CXX_LIBRARY = "libc++";
				CLANG_ENABLE_MODULES = YES;
				CLANG_ENABLE_OBJC_ARC = YES;
				CLANG_ENABLE_OBJC_WEAK = YES;
				CLANG_WARN_BLOCK_CAPTURE_AUTORELEASING = YES;
				CLANG_WARN_BOOL_CONVERSION = YES;
				CLANG_WARN_COMMA = YES;
				CLANG_WARN_CONSTANT_CONVERSION = YES;
				CLANG_WARN_DEPRECATED_OBJC_IMPLEMENTATIONS = YES;
				CLANG_WARN_DIRECT_OBJC_ISA_USAGE = YES_ERROR;
				CLANG_WARN_DOCUMENTATION_COMMENTS = YES;
				CLANG_WARN_EMPTY_BODY = YES;
				CLANG_WARN_ENUM_CONVERSION = YES;
				CLANG_WARN_INFINITE_RECURSION = YES;
				CLANG_WARN_INT_CONVERSION = YES;
				CLANG_WARN_NON_LITERAL_NULL_CONVERSION = YES;
				CLANG_WARN_OBJC_IMPLICIT_RETAIN_SELF = YES;
				CLANG_WARN_OBJC_LITERAL_CONVERSION = YES;
				CLANG_WARN_OBJC_ROOT_CLASS = YES_ERROR;
				CLANG_WARN_QUOTED_INCLUDE_IN_FRAMEWORK_HEADER = YES;
				CLANG_WARN_RANGE_LOOP_ANALYSIS = YES;
				CLANG_WARN_STRICT_PROTOTYPES = YES;
				CLANG_WARN_SUSPICIOUS_MOVE = YES;
				CLANG_WARN_UNGUARDED_AVAILABILITY = YES_AGGRESSIVE;
				CLANG_WARN_UNREACHABLE_CODE = YES;
				CLANG_WARN__DUPLICATE_METHOD_MATCH = YES;
				COPY_PHASE_STRIP = NO;
				DEBUG_INFORMATION_FORMAT = dwarf;
				ENABLE_STRICT_OBJC_MSGSEND = YES;
				ENABLE_TESTABILITY = YES;
				GCC_C_LANGUAGE_STANDARD = gnu11;
				GCC_DYNAMIC_NO_PIC = NO;
				GCC_NO_COMMON_BLOCKS = YES;
				GCC_OPTIMIZATION_LEVEL = 0;
				GCC_PREPROCESSOR_DEFINITIONS = (
					"DEBUG=1",
					"$(inherited)",
				);
				GCC_WARN_64_TO_32_BIT_CONVERSION = YES;
				GCC_WARN_ABOUT_RETURN_TYPE = YES_ERROR;
				GCC_WARN_UNDECLARED_SELECTOR = YES;
				GCC_WARN_UNINITIALIZED_AUTOS = YES_AGGRESSIVE;
				GCC_WARN_UNUSED_FUNCTION = YES;
				GCC_WARN_UNUSED_VARIABLE = YES;
				IPHONEOS_DEPLOYMENT_TARGET = 13.7;
				MTL_ENABLE_DEBUG_INFO = INCLUDE_SOURCE;
				MTL_FAST_MATH = YES;
				ONLY_ACTIVE_ARCH = YES;
				SDKROOT = iphoneos;
				SWIFT_ACTIVE_COMPILATION_CONDITIONS = DEBUG;
				SWIFT_OPTIMIZATION_LEVEL = "-Onone";
			};
			name = Debug;
		};
		CE6CDB5E26FE3C9F00A9E227 /* Release */ = {
			isa = XCBuildConfiguration;
			buildSettings = {
				ALWAYS_SEARCH_USER_PATHS = NO;
				CLANG_ANALYZER_NONNULL = YES;
				CLANG_ANALYZER_NUMBER_OBJECT_CONVERSION = YES_AGGRESSIVE;
				CLANG_CXX_LANGUAGE_STANDARD = "gnu++14";
				CLANG_CXX_LIBRARY = "libc++";
				CLANG_ENABLE_MODULES = YES;
				CLANG_ENABLE_OBJC_ARC = YES;
				CLANG_ENABLE_OBJC_WEAK = YES;
				CLANG_WARN_BLOCK_CAPTURE_AUTORELEASING = YES;
				CLANG_WARN_BOOL_CONVERSION = YES;
				CLANG_WARN_COMMA = YES;
				CLANG_WARN_CONSTANT_CONVERSION = YES;
				CLANG_WARN_DEPRECATED_OBJC_IMPLEMENTATIONS = YES;
				CLANG_WARN_DIRECT_OBJC_ISA_USAGE = YES_ERROR;
				CLANG_WARN_DOCUMENTATION_COMMENTS = YES;
				CLANG_WARN_EMPTY_BODY = YES;
				CLANG_WARN_ENUM_CONVERSION = YES;
				CLANG_WARN_INFINITE_RECURSION = YES;
				CLANG_WARN_INT_CONVERSION = YES;
				CLANG_WARN_NON_LITERAL_NULL_CONVERSION = YES;
				CLANG_WARN_OBJC_IMPLICIT_RETAIN_SELF = YES;
				CLANG_WARN_OBJC_LITERAL_CONVERSION = YES;
				CLANG_WARN_OBJC_ROOT_CLASS = YES_ERROR;
				CLANG_WARN_QUOTED_INCLUDE_IN_FRAMEWORK_HEADER = YES;
				CLANG_WARN_RANGE_LOOP_ANALYSIS = YES;
				CLANG_WARN_STRICT_PROTOTYPES = YES;
				CLANG_WARN_SUSPICIOUS_MOVE = YES;
				CLANG_WARN_UNGUARDED_AVAILABILITY = YES_AGGRESSIVE;
				CLANG_WARN_UNREACHABLE_CODE = YES;
				CLANG_WARN__DUPLICATE_METHOD_MATCH = YES;
				COPY_PHASE_STRIP = NO;
				DEBUG_INFORMATION_FORMAT = "dwarf-with-dsym";
				ENABLE_NS_ASSERTIONS = NO;
				ENABLE_STRICT_OBJC_MSGSEND = YES;
				GCC_C_LANGUAGE_STANDARD = gnu11;
				GCC_NO_COMMON_BLOCKS = YES;
				GCC_WARN_64_TO_32_BIT_CONVERSION = YES;
				GCC_WARN_ABOUT_RETURN_TYPE = YES_ERROR;
				GCC_WARN_UNDECLARED_SELECTOR = YES;
				GCC_WARN_UNINITIALIZED_AUTOS = YES_AGGRESSIVE;
				GCC_WARN_UNUSED_FUNCTION = YES;
				GCC_WARN_UNUSED_VARIABLE = YES;
				IPHONEOS_DEPLOYMENT_TARGET = 13.7;
				MTL_ENABLE_DEBUG_INFO = NO;
				MTL_FAST_MATH = YES;
				SDKROOT = iphoneos;
				SWIFT_COMPILATION_MODE = wholemodule;
				SWIFT_OPTIMIZATION_LEVEL = "-O";
				VALIDATE_PRODUCT = YES;
			};
			name = Release;
		};
		CE6CDB6026FE3C9F00A9E227 /* Debug */ = {
			isa = XCBuildConfiguration;
			baseConfigurationReference = DA822C912C86CBD73CC9B1D8 /* Pods-AppStore.debug.xcconfig */;
			buildSettings = {
				ASSETCATALOG_COMPILER_APPICON_NAME = AppIcon;
				CODE_SIGN_STYLE = Automatic;
				DEVELOPMENT_TEAM = 2PQNZ2TUC3;
				INFOPLIST_FILE = AppStore/Info.plist;
				IPHONEOS_DEPLOYMENT_TARGET = 13.0;
				LD_RUNPATH_SEARCH_PATHS = (
					"$(inherited)",
					"@executable_path/Frameworks",
				);
				PRODUCT_BUNDLE_IDENTIFIER = ulkoart.AppStore;
				PRODUCT_NAME = "$(TARGET_NAME)";
				SWIFT_VERSION = 5.0;
				TARGETED_DEVICE_FAMILY = "1,2";
			};
			name = Debug;
		};
		CE6CDB6126FE3C9F00A9E227 /* Release */ = {
			isa = XCBuildConfiguration;
			baseConfigurationReference = 4BDDC91F3219119572561007 /* Pods-AppStore.release.xcconfig */;
			buildSettings = {
				ASSETCATALOG_COMPILER_APPICON_NAME = AppIcon;
				CODE_SIGN_STYLE = Automatic;
				DEVELOPMENT_TEAM = 2PQNZ2TUC3;
				INFOPLIST_FILE = AppStore/Info.plist;
				IPHONEOS_DEPLOYMENT_TARGET = 13.0;
				LD_RUNPATH_SEARCH_PATHS = (
					"$(inherited)",
					"@executable_path/Frameworks",
				);
				PRODUCT_BUNDLE_IDENTIFIER = ulkoart.AppStore;
				PRODUCT_NAME = "$(TARGET_NAME)";
				SWIFT_VERSION = 5.0;
				TARGETED_DEVICE_FAMILY = "1,2";
			};
			name = Release;
		};
/* End XCBuildConfiguration section */

/* Begin XCConfigurationList section */
		CE6CDB4626FE3C9E00A9E227 /* Build configuration list for PBXProject "AppStore" */ = {
			isa = XCConfigurationList;
			buildConfigurations = (
				CE6CDB5D26FE3C9F00A9E227 /* Debug */,
				CE6CDB5E26FE3C9F00A9E227 /* Release */,
			);
			defaultConfigurationIsVisible = 0;
			defaultConfigurationName = Release;
		};
		CE6CDB5F26FE3C9F00A9E227 /* Build configuration list for PBXNativeTarget "AppStore" */ = {
			isa = XCConfigurationList;
			buildConfigurations = (
				CE6CDB6026FE3C9F00A9E227 /* Debug */,
				CE6CDB6126FE3C9F00A9E227 /* Release */,
			);
			defaultConfigurationIsVisible = 0;
			defaultConfigurationName = Release;
		};
/* End XCConfigurationList section */
	};
	rootObject = CE6CDB4326FE3C9E00A9E227 /* Project object */;
}
